Microsoft Visual Studio Solution File, Format Version 12.00
# Visual Studio Version 17
VisualStudioVersion = 17.5.2.0
MinimumVisualStudioVersion = 10.0.40219.1
Project("{FAE04EC0-301F-11D3-BF4B-00C04F79EFBC}") = "izin-puantaj-backend", "izin-puantaj-backend.csproj", "{351C339A-B194-AF83-0D02-4CA6E1BD008F}"
EndProject
Global
	GlobalSection(SolutionConfigurationPlatforms) = preSolution
		Debug|Any CPU = Debug|Any CPU
		Release|Any CPU = Release|Any CPU
	EndGlobalSection
	GlobalSection(ProjectConfigurationPlatforms) = postSolution
		{351C339A-B194-AF83-0D02-4CA6E1BD008F}.Debug|Any CPU.ActiveCfg = Debug|Any CPU
		{351C339A-B194-AF83-0D02-4CA6E1BD008F}.Debug|Any CPU.Build.0 = Debug|Any CPU
		{351C339A-B194-AF83-0D02-4CA6E1BD008F}.Release|Any CPU.ActiveCfg = Release|Any CPU
		{351C339A-B194-AF83-0D02-4CA6E1BD008F}.Release|Any CPU.Build.0 = Release|Any CPU
	EndGlobalSection
	GlobalSection(SolutionProperties) = preSolution
		HideSolutionNode = FALSE
	EndGlobalSection
	GlobalSection(ExtensibilityGlobals) = postSolution
		SolutionGuid = {B66EE974-4B18-447E-AAC0-7F50393C6271}
	EndGlobalSection
EndGlobal
